
Microsoft Visual Studio Solution File, Format Version 12.00
# Visual Studio Version 17
VisualStudioVersion = 17.9.34607.119
MinimumVisualStudioVersion = 10.0.40219.1
Project("{8BC9CEB8-8B4A-11D0-8D11-00A0C91BC942}") = "HolePunchExample", "HolePunchExample\HolePunchExample.vcxproj", "{017FF104-C41A-4FE8-9AFF-F8E180D1FA7A}"
EndProject
Global
	GlobalSection(SolutionConfigurationPlatforms) = preSolution
		Debug|x64 = Debug|x64
		Debug|x86 = Debug|x86
		Release|x64 = Release|x64
		Release|x86 = Release|x86
	EndGlobalSection
	GlobalSection(ProjectConfigurationPlatforms) = postSolution
		{017FF104-C41A-4FE8-9AFF-F8E180D1FA7A}.Debug|x64.ActiveCfg = Debug|x64
		{017FF104-C41A-4FE8-9AFF-F8E180D1FA7A}.Debug|x64.Build.0 = Debug|x64
		{017FF104-C41A-4FE8-9AFF-F8E180D1FA7A}.Debug|x86.ActiveCfg = Debug|Win32
		{017FF104-C41A-4FE8-9AFF-F8E180D1FA7A}.Debug|x86.Build.0 = Debug|Win32
		{017FF104-C41A-4FE8-9AFF-F8E180D1FA7A}.Release|x64.ActiveCfg = Release|x64
		{017FF104-C41A-4FE8-9AFF-F8E180D1FA7A}.Release|x64.Build.0 = Release|x64
		{017FF104-C41A-4FE8-9AFF-F8E180D1FA7A}.Release|x86.ActiveCfg = Release|Win32
		{017FF104-C41A-4FE8-9AFF-F8E180D1FA7A}.Release|x86.Build.0 = Release|Win32
	EndGlobalSection
	GlobalSection(SolutionProperties) = preSolution
		HideSolutionNode = FALSE
	EndGlobalSection
	GlobalSection(ExtensibilityGlobals) = postSolution
		SolutionGuid = {F510A952-0D0B-4AC7-A07D-C049450C57A7}
	EndGlobalSection
EndGlobal
